
Microsoft Visual Studio Solution File, Format Version 12.00
# Visual Studio Version 16
VisualStudioVersion = 16.0.31702.278
MinimumVisualStudioVersion = 10.0.40219.1
Project("{8BC9CEB8-8B4A-11D0-8D11-00A0C91BC942}") = "dz4n", "dz4n.vcxproj", "{4945B49E-5D28-451A-BC9E-86055668F643}"
EndProject
Global
	GlobalSection(SolutionConfigurationPlatforms) = preSolution
		Debug|x64 = Debug|x64
		Debug|x86 = Debug|x86
		Release|x64 = Release|x64
		Release|x86 = Release|x86
	EndGlobalSection
	GlobalSection(ProjectConfigurationPlatforms) = postSolution
		{4945B49E-5D28-451A-BC9E-86055668F643}.Debug|x64.ActiveCfg = Debug|x64
		{4945B49E-5D28-451A-BC9E-86055668F643}.Debug|x64.Build.0 = Debug|x64
		{4945B49E-5D28-451A-BC9E-86055668F643}.Debug|x86.ActiveCfg = Debug|Win32
		{4945B49E-5D28-451A-BC9E-86055668F643}.Debug|x86.Build.0 = Debug|Win32
		{4945B49E-5D28-451A-BC9E-86055668F643}.Release|x64.ActiveCfg = Release|x64
		{4945B49E-5D28-451A-BC9E-86055668F643}.Release|x64.Build.0 = Release|x64
		{4945B49E-5D28-451A-BC9E-86055668F643}.Release|x86.ActiveCfg = Release|Win32
		{4945B49E-5D28-451A-BC9E-86055668F643}.Release|x86.Build.0 = Release|Win32
	EndGlobalSection
	GlobalSection(SolutionProperties) = preSolution
		HideSolutionNode = FALSE
	EndGlobalSection
	GlobalSection(ExtensibilityGlobals) = postSolution
		SolutionGuid = {F8C5D060-F101-43B0-AC67-8A7DA259C165}
	EndGlobalSection
EndGlobal
